
Microsoft Visual Studio Solution File, Format Version 12.00
# Visual Studio Version 17
VisualStudioVersion = 17.3.32929.385
MinimumVisualStudioVersion = 10.0.40219.1
Project("{9A19103F-16F7-4668-BE54-9A1E7A4F7556}") = "Guessing_Game", "Guessing_Game\Guessing_Game.csproj", "{3D7CFDAC-9887-4E4A-84FE-BADB513B2595}"
EndProject
Project("{9A19103F-16F7-4668-BE54-9A1E7A4F7556}") = "Note", "Note\Note.csproj", "{E2A41D80-B022-493A-ABDC-8724175D45BA}"
EndProject
Project("{FAE04EC0-301F-11D3-BF4B-00C04F79EFBC}") = "Telephone_App", "Telephone_App\Telephone_App.csproj", "{A2616428-DF49-455C-B4DC-D93E900BDED8}"
EndProject
Global
	GlobalSection(SolutionConfigurationPlatforms) = preSolution
		Debug|Any CPU = Debug|Any CPU
		Release|Any CPU = Release|Any CPU
	EndGlobalSection
	GlobalSection(ProjectConfigurationPlatforms) = postSolution
		{3D7CFDAC-9887-4E4A-84FE-BADB513B2595}.Debug|Any CPU.ActiveCfg = Debug|Any CPU
		{3D7CFDAC-9887-4E4A-84FE-BADB513B2595}.Debug|Any CPU.Build.0 = Debug|Any CPU
		{3D7CFDAC-9887-4E4A-84FE-BADB513B2595}.Release|Any CPU.ActiveCfg = Release|Any CPU
		{3D7CFDAC-9887-4E4A-84FE-BADB513B2595}.Release|Any CPU.Build.0 = Release|Any CPU
		{E2A41D80-B022-493A-ABDC-8724175D45BA}.Debug|Any CPU.ActiveCfg = Debug|Any CPU
		{E2A41D80-B022-493A-ABDC-8724175D45BA}.Debug|Any CPU.Build.0 = Debug|Any CPU
		{E2A41D80-B022-493A-ABDC-8724175D45BA}.Release|Any CPU.ActiveCfg = Release|Any CPU
		{E2A41D80-B022-493A-ABDC-8724175D45BA}.Release|Any CPU.Build.0 = Release|Any CPU
		{A2616428-DF49-455C-B4DC-D93E900BDED8}.Debug|Any CPU.ActiveCfg = Debug|Any CPU
		{A2616428-DF49-455C-B4DC-D93E900BDED8}.Debug|Any CPU.Build.0 = Debug|Any CPU
		{A2616428-DF49-455C-B4DC-D93E900BDED8}.Release|Any CPU.ActiveCfg = Release|Any CPU
		{A2616428-DF49-455C-B4DC-D93E900BDED8}.Release|Any CPU.Build.0 = Release|Any CPU
	EndGlobalSection
	GlobalSection(SolutionProperties) = preSolution
		HideSolutionNode = FALSE
	EndGlobalSection
	GlobalSection(ExtensibilityGlobals) = postSolution
		SolutionGuid = {9B380BBD-D2DF-4071-9490-2559C124D4F6}
	EndGlobalSection
EndGlobal
